
Microsoft Visual Studio Solution File, Format Version 12.00
# Visual Studio 15
VisualStudioVersion = 15.0.28307.1705
MinimumVisualStudioVersion = 10.0.40219.1
Project("{FAE04EC0-301F-11D3-BF4B-00C04F79EFBC}") = "prog11", "prog11\prog11.csproj", "{BE03D28C-EC9F-4C69-98B2-208E4978CB9C}"
EndProject
Global
	GlobalSection(SolutionConfigurationPlatforms) = preSolution
		Debug|Any CPU = Debug|Any CPU
		Release|Any CPU = Release|Any CPU
	EndGlobalSection
	GlobalSection(ProjectConfigurationPlatforms) = postSolution
		{BE03D28C-EC9F-4C69-98B2-208E4978CB9C}.Debug|Any CPU.ActiveCfg = Debug|Any CPU
		{BE03D28C-EC9F-4C69-98B2-208E4978CB9C}.Debug|Any CPU.Build.0 = Debug|Any CPU
		{BE03D28C-EC9F-4C69-98B2-208E4978CB9C}.Release|Any CPU.ActiveCfg = Release|Any CPU
		{BE03D28C-EC9F-4C69-98B2-208E4978CB9C}.Release|Any CPU.Build.0 = Release|Any CPU
	EndGlobalSection
	GlobalSection(SolutionProperties) = preSolution
		HideSolutionNode = FALSE
	EndGlobalSection
	GlobalSection(ExtensibilityGlobals) = postSolution
		SolutionGuid = {1B98E403-2A9A-41EA-B311-B5E29D9F6EC5}
	EndGlobalSection
EndGlobal
